
Microsoft Visual Studio Solution File, Format Version 12.00
# Visual Studio Version 17
VisualStudioVersion = 17.4.33213.308
MinimumVisualStudioVersion = 10.0.40219.1
Project("{FAE04EC0-301F-11D3-BF4B-00C04F79EFBC}") = "Wpf_Databases", "Wpf_Databases\Wpf_Databases.csproj", "{0683F701-B484-42C5-A4B6-2DCEB61D2945}"
EndProject
Global
	GlobalSection(SolutionConfigurationPlatforms) = preSolution
		Debug|Any CPU = Debug|Any CPU
		Release|Any CPU = Release|Any CPU
	EndGlobalSection
	GlobalSection(ProjectConfigurationPlatforms) = postSolution
		{0683F701-B484-42C5-A4B6-2DCEB61D2945}.Debug|Any CPU.ActiveCfg = Debug|Any CPU
		{0683F701-B484-42C5-A4B6-2DCEB61D2945}.Debug|Any CPU.Build.0 = Debug|Any CPU
		{0683F701-B484-42C5-A4B6-2DCEB61D2945}.Release|Any CPU.ActiveCfg = Release|Any CPU
		{0683F701-B484-42C5-A4B6-2DCEB61D2945}.Release|Any CPU.Build.0 = Release|Any CPU
	EndGlobalSection
	GlobalSection(SolutionProperties) = preSolution
		HideSolutionNode = FALSE
	EndGlobalSection
	GlobalSection(ExtensibilityGlobals) = postSolution
		SolutionGuid = {A1116434-35B2-471F-B6DF-D923190FF8A2}
	EndGlobalSection
EndGlobal
